
Microsoft Visual Studio Solution File, Format Version 12.00
# Visual Studio Version 17
VisualStudioVersion = 17.0.31903.59
MinimumVisualStudioVersion = 10.0.40219.1
Project("{2150E333-8FDC-42A3-9474-1A3956D46DE8}") = "tests", "tests", "{0332800B-861D-4FE1-8AB4-9FC57F3EF384}"
EndProject
Project("{FAE04EC0-301F-11D3-BF4B-00C04F79EFBC}") = "FIAP.CloudGames.UnitTests", "tests\FIAP.CloudGames.UnitTests\FIAP.CloudGames.UnitTests.csproj", "{79789220-44D0-4628-8FBC-6C9671759E66}"
EndProject
Project("{FAE04EC0-301F-11D3-BF4B-00C04F79EFBC}") = "FIAP.CloudGames.IntegrationTests", "tests\FIAP.CloudGames.IntegrationTests\FIAP.CloudGames.IntegrationTests.csproj", "{6EEF696D-6156-4EC8-9F5E-CADF5B610200}"
EndProject
Project("{2150E333-8FDC-42A3-9474-1A3956D46DE8}") = "src", "src", "{AEEEC7F5-2E81-4FFC-9DDF-2CCAFCB898F8}"
EndProject
Project("{2150E333-8FDC-42A3-9474-1A3956D46DE8}") = "Modules", "Modules", "{0CFB6C21-E212-0B27-7BBB-19F40495BF33}"
EndProject
Project("{2150E333-8FDC-42A3-9474-1A3956D46DE8}") = "Identity copy", "Identity copy", "{2E7C074D-FB3A-FBC5-91B5-163309EA077F}"
EndProject
Project("{2150E333-8FDC-42A3-9474-1A3956D46DE8}") = "FIAP.CloudGames.Api", "FIAP.CloudGames.Api", "{51F1ACFB-6F81-B810-92E5-3CE9A597B124}"
EndProject
Global
	GlobalSection(SolutionConfigurationPlatforms) = preSolution
		Debug|Any CPU = Debug|Any CPU
		Debug|x64 = Debug|x64
		Debug|x86 = Debug|x86
		Release|Any CPU = Release|Any CPU
		Release|x64 = Release|x64
		Release|x86 = Release|x86
	EndGlobalSection
	GlobalSection(ProjectConfigurationPlatforms) = postSolution
		{79789220-44D0-4628-8FBC-6C9671759E66}.Debug|Any CPU.ActiveCfg = Debug|Any CPU
		{79789220-44D0-4628-8FBC-6C9671759E66}.Debug|Any CPU.Build.0 = Debug|Any CPU
		{79789220-44D0-4628-8FBC-6C9671759E66}.Debug|x64.ActiveCfg = Debug|Any CPU
		{79789220-44D0-4628-8FBC-6C9671759E66}.Debug|x64.Build.0 = Debug|Any CPU
		{79789220-44D0-4628-8FBC-6C9671759E66}.Debug|x86.ActiveCfg = Debug|Any CPU
		{79789220-44D0-4628-8FBC-6C9671759E66}.Debug|x86.Build.0 = Debug|Any CPU
		{79789220-44D0-4628-8FBC-6C9671759E66}.Release|Any CPU.ActiveCfg = Release|Any CPU
		{79789220-44D0-4628-8FBC-6C9671759E66}.Release|Any CPU.Build.0 = Release|Any CPU
		{79789220-44D0-4628-8FBC-6C9671759E66}.Release|x64.ActiveCfg = Release|Any CPU
		{79789220-44D0-4628-8FBC-6C9671759E66}.Release|x64.Build.0 = Release|Any CPU
		{79789220-44D0-4628-8FBC-6C9671759E66}.Release|x86.ActiveCfg = Release|Any CPU
		{79789220-44D0-4628-8FBC-6C9671759E66}.Release|x86.Build.0 = Release|Any CPU
		{6EEF696D-6156-4EC8-9F5E-CADF5B610200}.Debug|Any CPU.ActiveCfg = Debug|Any CPU
		{6EEF696D-6156-4EC8-9F5E-CADF5B610200}.Debug|Any CPU.Build.0 = Debug|Any CPU
		{6EEF696D-6156-4EC8-9F5E-CADF5B610200}.Debug|x64.ActiveCfg = Debug|Any CPU
		{6EEF696D-6156-4EC8-9F5E-CADF5B610200}.Debug|x64.Build.0 = Debug|Any CPU
		{6EEF696D-6156-4EC8-9F5E-CADF5B610200}.Debug|x86.ActiveCfg = Debug|Any CPU
		{6EEF696D-6156-4EC8-9F5E-CADF5B610200}.Debug|x86.Build.0 = Debug|Any CPU
		{6EEF696D-6156-4EC8-9F5E-CADF5B610200}.Release|Any CPU.ActiveCfg = Release|Any CPU
		{6EEF696D-6156-4EC8-9F5E-CADF5B610200}.Release|Any CPU.Build.0 = Release|Any CPU
		{6EEF696D-6156-4EC8-9F5E-CADF5B610200}.Release|x64.ActiveCfg = Release|Any CPU
		{6EEF696D-6156-4EC8-9F5E-CADF5B610200}.Release|x64.Build.0 = Release|Any CPU
		{6EEF696D-6156-4EC8-9F5E-CADF5B610200}.Release|x86.ActiveCfg = Release|Any CPU
		{6EEF696D-6156-4EC8-9F5E-CADF5B610200}.Release|x86.Build.0 = Release|Any CPU
	EndGlobalSection
	GlobalSection(SolutionProperties) = preSolution
		HideSolutionNode = FALSE
	EndGlobalSection
	GlobalSection(NestedProjects) = preSolution
		{79789220-44D0-4628-8FBC-6C9671759E66} = {0332800B-861D-4FE1-8AB4-9FC57F3EF384}
		{6EEF696D-6156-4EC8-9F5E-CADF5B610200} = {0332800B-861D-4FE1-8AB4-9FC57F3EF384}
		{0CFB6C21-E212-0B27-7BBB-19F40495BF33} = {AEEEC7F5-2E81-4FFC-9DDF-2CCAFCB898F8}
		{2E7C074D-FB3A-FBC5-91B5-163309EA077F} = {0CFB6C21-E212-0B27-7BBB-19F40495BF33}
		{51F1ACFB-6F81-B810-92E5-3CE9A597B124} = {2E7C074D-FB3A-FBC5-91B5-163309EA077F}
	EndGlobalSection
	GlobalSection(ExtensibilityGlobals) = postSolution
		SolutionGuid = {D6E1AB2B-F115-4526-800B-DE89EF04319D}
	EndGlobalSection
EndGlobal
